
Microsoft Visual Studio Solution File, Format Version 12.00
# Visual Studio Version 17
VisualStudioVersion = 17.9.34607.119
MinimumVisualStudioVersion = 10.0.40219.1
Project("{FAE04EC0-301F-11D3-BF4B-00C04F79EFBC}") = "FeedBack1", "FeedBack1\FeedBack1.csproj", "{8AC917F1-B1C8-4F91-93DD-6F150876D3BA}"
EndProject
Global
	GlobalSection(SolutionConfigurationPlatforms) = preSolution
		Debug|Any CPU = Debug|Any CPU
		Release|Any CPU = Release|Any CPU
	EndGlobalSection
	GlobalSection(ProjectConfigurationPlatforms) = postSolution
		{8AC917F1-B1C8-4F91-93DD-6F150876D3BA}.Debug|Any CPU.ActiveCfg = Debug|Any CPU
		{8AC917F1-B1C8-4F91-93DD-6F150876D3BA}.Debug|Any CPU.Build.0 = Debug|Any CPU
		{8AC917F1-B1C8-4F91-93DD-6F150876D3BA}.Release|Any CPU.ActiveCfg = Release|Any CPU
		{8AC917F1-B1C8-4F91-93DD-6F150876D3BA}.Release|Any CPU.Build.0 = Release|Any CPU
	EndGlobalSection
	GlobalSection(SolutionProperties) = preSolution
		HideSolutionNode = FALSE
	EndGlobalSection
	GlobalSection(ExtensibilityGlobals) = postSolution
		SolutionGuid = {BB8E17B3-0BBD-4865-B891-2BF457EA0E42}
	EndGlobalSection
EndGlobal
